// !$*UTF8*$!
{
	archiveVersion = 1;
	classes = {
	};
	objectVersion = 77;
	objects = {

/* Begin PBXBuildFile section */
		05D5CC7C1AD3B74D5FE38027 /* ExplosionEffect.swift in Sources */ = {isa = PBXBuildFile; fileRef = 953F2632E4F4568017999CBA /* ExplosionEffect.swift */; };
		0A5051D10E09EA7B94E59E72 /* roll.wav in Resources */ = {isa = PBXBuildFile; fileRef = 776C1EB02F8E6421B9B2AED9 /* roll.wav */; };
		0AAF801AC9BC4A45A2E5AA17 /* AppDelegate.swift in Sources */ = {isa = PBXBuildFile; fileRef = AC22D2AFFBD1DEE4504C4956 /* AppDelegate.swift */; };
		1229D475DB61F245B568EDB6 /* PickerPresenter.swift in Sources */ = {isa = PBXBuildFile; fileRef = C2CE96E87FEEF6FC8809F5C0 /* PickerPresenter.swift */; };
		205287DDBB3B7892101BF92E /* GameFlowStateMachineTests.swift in Sources */ = {isa = PBXBuildFile; fileRef = 25BBE0ACB67BA64A68BBB463 /* GameFlowStateMachineTests.swift */; };
		26471A523F024076DD34A9FD /* Assets.xcassets in Resources */ = {isa = PBXBuildFile; fileRef = 734DBA64875EE069DF9A85C1 /* Assets.xcassets */; };
		3228670519D36278086EF750 /* GameConstants.swift in Sources */ = {isa = PBXBuildFile; fileRef = 640596830A57CF9DB7A7D7FB /* GameConstants.swift */; };
		47C9CB47C278A64F31C9C47F /* LearningContent.swift in Sources */ = {isa = PBXBuildFile; fileRef = 537542CC3251993194B1B9D6 /* LearningContent.swift */; };
		4A7C2A571D4FE93A3A675906 /* DominoNode.swift in Sources */ = {isa = PBXBuildFile; fileRef = 50A5049038B6BDF150154906 /* DominoNode.swift */; };
		4CA8DF4C5F062F7BB1AB571D /* TowerNode.swift in Sources */ = {isa = PBXBuildFile; fileRef = E9AFD8C87366808A5D4436D5 /* TowerNode.swift */; };
		53D7FC686359A85AE2942E0D /* GameViewController.swift in Sources */ = {isa = PBXBuildFile; fileRef = C9C32402F3693903405404A1 /* GameViewController.swift */; };
		552E5EF2215CB1F30F980845 /* GameScene.sks in Resources */ = {isa = PBXBuildFile; fileRef = 2BC8F1A2E72B7E6DFCFEC718 /* GameScene.sks */; };
		889B64C51EF5F9E14CBBFD24 /* Foundation.framework in Frameworks */ = {isa = PBXBuildFile; fileRef = D68462E07081159A5766DCE3 /* Foundation.framework */; };
		936151FF7C60934E1CCC600E /* explode.wav in Resources */ = {isa = PBXBuildFile; fileRef = 87CAC5CE56C6ECFA2C332631 /* explode.wav */; };
		A62A1B88E7810C21457765B8 /* click.wav in Resources */ = {isa = PBXBuildFile; fileRef = 23298254975EF3ED18A684E8 /* click.wav */; };
		B60258CE8747D26DA14FBEFB /* hit.wav in Resources */ = {isa = PBXBuildFile; fileRef = 2FEE9EEC9F0C0F1F5F1AEBF9 /* hit.wav */; };
		C5EC7F533CAACE1A364F3C4A /* Actions.sks in Resources */ = {isa = PBXBuildFile; fileRef = 52B4F3407CF59AAED4917F2D /* Actions.sks */; };
		C736735EF14E707AF7B63333 /* Foundation.framework in Frameworks */ = {isa = PBXBuildFile; fileRef = DDA4C1C5F4DC7B8C8852BA50 /* Foundation.framework */; };
		CD26D32134C1B6FDAF3605A8 /* StaircaseNode.swift in Sources */ = {isa = PBXBuildFile; fileRef = E432175628CBA6DB04A5893D /* StaircaseNode.swift */; };
		E17FFCDCF50946351F28C752 /* GameScene.swift in Sources */ = {isa = PBXBuildFile; fileRef = 0CAC154D0E122DA38BFFD03F /* GameScene.swift */; };
		FFA6C7956107192247183C9B /* GameFlowStateMachine.swift in Sources */ = {isa = PBXBuildFile; fileRef = 27F3D66348478359FD011779 /* GameFlowStateMachine.swift */; };
/* End PBXBuildFile section */

/* Begin PBXContainerItemProxy section */
		B13B32BE4DE392208BCD4FE1 /* PBXContainerItemProxy */ = {
			isa = PBXContainerItemProxy;
			containerPortal = 74056D682F4808C000DD3ED4 /* Project object */;
			proxyType = 1;
			remoteGlobalIDString = 74056D6F2F4808C000DD3ED4;
			remoteInfo = dominoes;
		};
/* End PBXContainerItemProxy section */

/* Begin PBXFileReference section */
		0CAC154D0E122DA38BFFD03F /* GameScene.swift */ = {isa = PBXFileReference; includeInIndex = 1; lastKnownFileType = sourcecode.swift; name = GameScene.swift; path = dominoes/GameScene.swift; sourceTree = "<group>"; };
		23298254975EF3ED18A684E8 /* click.wav */ = {isa = PBXFileReference; includeInIndex = 1; name = click.wav; path = dominoes/Sounds/click.wav; sourceTree = "<group>"; };
		25BBE0ACB67BA64A68BBB463 /* GameFlowStateMachineTests.swift */ = {isa = PBXFileReference; includeInIndex = 1; lastKnownFileType = sourcecode.swift; name = GameFlowStateMachineTests.swift; path = dominoesTests/GameFlowStateMachineTests.swift; sourceTree = "<group>"; };
		27F3D66348478359FD011779 /* GameFlowStateMachine.swift */ = {isa = PBXFileReference; includeInIndex = 1; lastKnownFileType = sourcecode.swift; name = GameFlowStateMachine.swift; path = dominoes/GameFlowStateMachine.swift; sourceTree = "<group>"; };
		2BC8F1A2E72B7E6DFCFEC718 /* GameScene.sks */ = {isa = PBXFileReference; includeInIndex = 1; lastKnownFileType = file.sks; name = GameScene.sks; path = dominoes/GameScene.sks; sourceTree = "<group>"; };
		2FEE9EEC9F0C0F1F5F1AEBF9 /* hit.wav */ = {isa = PBXFileReference; includeInIndex = 1; name = hit.wav; path = dominoes/Sounds/hit.wav; sourceTree = "<group>"; };
		50A5049038B6BDF150154906 /* DominoNode.swift */ = {isa = PBXFileReference; includeInIndex = 1; lastKnownFileType = sourcecode.swift; name = DominoNode.swift; path = dominoes/DominoNode.swift; sourceTree = "<group>"; };
		52B4F3407CF59AAED4917F2D /* Actions.sks */ = {isa = PBXFileReference; includeInIndex = 1; lastKnownFileType = file.sks; name = Actions.sks; path = dominoes/Actions.sks; sourceTree = "<group>"; };
		537542CC3251993194B1B9D6 /* LearningContent.swift */ = {isa = PBXFileReference; includeInIndex = 1; lastKnownFileType = sourcecode.swift; name = LearningContent.swift; path = dominoes/LearningContent.swift; sourceTree = "<group>"; };
		640596830A57CF9DB7A7D7FB /* GameConstants.swift */ = {isa = PBXFileReference; includeInIndex = 1; lastKnownFileType = sourcecode.swift; name = GameConstants.swift; path = dominoes/GameConstants.swift; sourceTree = "<group>"; };
		734DBA64875EE069DF9A85C1 /* Assets.xcassets */ = {isa = PBXFileReference; includeInIndex = 1; lastKnownFileType = folder.assetcatalog; name = Assets.xcassets; path = dominoes/Assets.xcassets; sourceTree = "<group>"; };
		74056D702F4808C000DD3ED4 /* dominoes.app */ = {isa = PBXFileReference; explicitFileType = wrapper.application; includeInIndex = 0; path = dominoes.app; sourceTree = BUILT_PRODUCTS_DIR; };
		776C1EB02F8E6421B9B2AED9 /* roll.wav */ = {isa = PBXFileReference; includeInIndex = 1; name = roll.wav; path = dominoes/Sounds/roll.wav; sourceTree = "<group>"; };
		8662790E4EDA80B221896DE0 /* dominoesTests.xctest */ = {isa = PBXFileReference; explicitFileType = wrapper.cfbundle; includeInIndex = 0; path = dominoesTests.xctest; sourceTree = BUILT_PRODUCTS_DIR; };
		87CAC5CE56C6ECFA2C332631 /* explode.wav */ = {isa = PBXFileReference; includeInIndex = 1; name = explode.wav; path = dominoes/Sounds/explode.wav; sourceTree = "<group>"; };
		953F2632E4F4568017999CBA /* ExplosionEffect.swift */ = {isa = PBXFileReference; includeInIndex = 1; lastKnownFileType = sourcecode.swift; name = ExplosionEffect.swift; path = dominoes/ExplosionEffect.swift; sourceTree = "<group>"; };
		9903B1D2247BBE50F0D9F2EA /* dominoes-tvOS.app */ = {isa = PBXFileReference; explicitFileType = wrapper.application; includeInIndex = 0; path = "dominoes-tvOS.app"; sourceTree = BUILT_PRODUCTS_DIR; };
		AC22D2AFFBD1DEE4504C4956 /* AppDelegate.swift */ = {isa = PBXFileReference; includeInIndex = 1; lastKnownFileType = sourcecode.swift; name = AppDelegate.swift; path = dominoes/AppDelegate.swift; sourceTree = "<group>"; };
		C2CE96E87FEEF6FC8809F5C0 /* PickerPresenter.swift */ = {isa = PBXFileReference; includeInIndex = 1; lastKnownFileType = sourcecode.swift; name = PickerPresenter.swift; path = dominoes/PickerPresenter.swift; sourceTree = "<group>"; };
		C9C32402F3693903405404A1 /* GameViewController.swift */ = {isa = PBXFileReference; includeInIndex = 1; lastKnownFileType = sourcecode.swift; name = GameViewController.swift; path = dominoes/GameViewController.swift; sourceTree = "<group>"; };
		D68462E07081159A5766DCE3 /* Foundation.framework */ = {isa = PBXFileReference; lastKnownFileType = wrapper.framework; name = Foundation.framework; path = Platforms/AppleTVOS.platform/Developer/SDKs/AppleTVOS18.0.sdk/System/Library/Frameworks/Foundation.framework; sourceTree = DEVELOPER_DIR; };
		DDA4C1C5F4DC7B8C8852BA50 /* Foundation.framework */ = {isa = PBXFileReference; lastKnownFileType = wrapper.framework; name = Foundation.framework; path = Platforms/iPhoneOS.platform/Developer/SDKs/iPhoneOS18.0.sdk/System/Library/Frameworks/Foundation.framework; sourceTree = DEVELOPER_DIR; };
		E432175628CBA6DB04A5893D /* StaircaseNode.swift */ = {isa = PBXFileReference; includeInIndex = 1; lastKnownFileType = sourcecode.swift; name = StaircaseNode.swift; path = dominoes/StaircaseNode.swift; sourceTree = "<group>"; };
		E9AFD8C87366808A5D4436D5 /* TowerNode.swift */ = {isa = PBXFileReference; includeInIndex = 1; lastKnownFileType = sourcecode.swift; name = TowerNode.swift; path = dominoes/TowerNode.swift; sourceTree = "<group>"; };
/* End PBXFileReference section */

/* Begin PBXFileSystemSynchronizedRootGroup section */
		74056D722F4808C000DD3ED4 /* dominoes */ = {
			isa = PBXFileSystemSynchronizedRootGroup;
			exceptions = (
			);
			path = dominoes;
			sourceTree = "<group>";
		};
/* End PBXFileSystemSynchronizedRootGroup section */

/* Begin PBXFrameworksBuildPhase section */
		07E968898FECD9A19532C980 /* Frameworks */ = {
			isa = PBXFrameworksBuildPhase;
			buildActionMask = 2147483647;
			files = (
				889B64C51EF5F9E14CBBFD24 /* Foundation.framework in Frameworks */,
			);
			runOnlyForDeploymentPostprocessing = 0;
		};
		74056D6D2F4808C000DD3ED4 /* Frameworks */ = {
			isa = PBXFrameworksBuildPhase;
			buildActionMask = 2147483647;
			files = (
			);
			runOnlyForDeploymentPostprocessing = 0;
		};
		C00B14CE5BD05C672E20E48A /* Frameworks */ = {
			isa = PBXFrameworksBuildPhase;
			buildActionMask = 2147483647;
			files = (
				C736735EF14E707AF7B63333 /* Foundation.framework in Frameworks */,
			);
			runOnlyForDeploymentPostprocessing = 0;
		};
/* End PBXFrameworksBuildPhase section */

/* Begin PBXGroup section */
		12C66F69A70A9B1951EFE16E /* iOS */ = {
			isa = PBXGroup;
			children = (
				DDA4C1C5F4DC7B8C8852BA50 /* Foundation.framework */,
			);
			name = iOS;
			sourceTree = "<group>";
		};
		1EA2B9A06C3D88047BBC0547 /* Frameworks */ = {
			isa = PBXGroup;
			children = (
				12C66F69A70A9B1951EFE16E /* iOS */,
				810520B63C0B4C7B3C7533EE /* tvOS */,
			);
			name = Frameworks;
			sourceTree = "<group>";
		};
		43BF77844723F4719ABEAF91 /* dominoesTests */ = {
			isa = PBXGroup;
			children = (
				25BBE0ACB67BA64A68BBB463 /* GameFlowStateMachineTests.swift */,
			);
			name = dominoesTests;
			sourceTree = "<group>";
		};
		74056D672F4808C000DD3ED4 = {
			isa = PBXGroup;
			children = (
				74056D722F4808C000DD3ED4 /* dominoes */,
				74056D712F4808C000DD3ED4 /* Products */,
				1EA2B9A06C3D88047BBC0547 /* Frameworks */,
				43BF77844723F4719ABEAF91 /* dominoesTests */,
				B3FBB10470DC21C5C609A877 /* dominoes-tvOS Files */,
			);
			sourceTree = "<group>";
		};
		74056D712F4808C000DD3ED4 /* Products */ = {
			isa = PBXGroup;
			children = (
				74056D702F4808C000DD3ED4 /* dominoes.app */,
				8662790E4EDA80B221896DE0 /* dominoesTests.xctest */,
				9903B1D2247BBE50F0D9F2EA /* dominoes-tvOS.app */,
			);
			name = Products;
			sourceTree = "<group>";
		};
		810520B63C0B4C7B3C7533EE /* tvOS */ = {
			isa = PBXGroup;
			children = (
				D68462E07081159A5766DCE3 /* Foundation.framework */,
			);
			name = tvOS;
			sourceTree = "<group>";
		};
		B3FBB10470DC21C5C609A877 /* dominoes-tvOS Files */ = {
			isa = PBXGroup;
			children = (
				AC22D2AFFBD1DEE4504C4956 /* AppDelegate.swift */,
				50A5049038B6BDF150154906 /* DominoNode.swift */,
				953F2632E4F4568017999CBA /* ExplosionEffect.swift */,
				640596830A57CF9DB7A7D7FB /* GameConstants.swift */,
				27F3D66348478359FD011779 /* GameFlowStateMachine.swift */,
				0CAC154D0E122DA38BFFD03F /* GameScene.swift */,
				C9C32402F3693903405404A1 /* GameViewController.swift */,
				537542CC3251993194B1B9D6 /* LearningContent.swift */,
				C2CE96E87FEEF6FC8809F5C0 /* PickerPresenter.swift */,
				E432175628CBA6DB04A5893D /* StaircaseNode.swift */,
				E9AFD8C87366808A5D4436D5 /* TowerNode.swift */,
				52B4F3407CF59AAED4917F2D /* Actions.sks */,
				734DBA64875EE069DF9A85C1 /* Assets.xcassets */,
				2BC8F1A2E72B7E6DFCFEC718 /* GameScene.sks */,
				23298254975EF3ED18A684E8 /* click.wav */,
				87CAC5CE56C6ECFA2C332631 /* explode.wav */,
				2FEE9EEC9F0C0F1F5F1AEBF9 /* hit.wav */,
				776C1EB02F8E6421B9B2AED9 /* roll.wav */,
			);
			name = "dominoes-tvOS Files";
			sourceTree = "<group>";
		};
/* End PBXGroup section */

/* Begin PBXNativeTarget section */
		24EC2221759B74FB1C948575 /* dominoesTests */ = {
			isa = PBXNativeTarget;
			buildConfigurationList = DB205C036313E7CA51B0B38D /* Build configuration list for PBXNativeTarget "dominoesTests" */;
			buildPhases = (
				B0A29E46AAA243BC1C473CFF /* Sources */,
				C00B14CE5BD05C672E20E48A /* Frameworks */,
				82E0C690520F7FFCB02ECF0F /* Resources */,
			);
			buildRules = (
			);
			dependencies = (
				E6BCCF485F3A0A18BDE86CF4 /* PBXTargetDependency */,
			);
			name = dominoesTests;
			productName = dominoesTests;
			productReference = 8662790E4EDA80B221896DE0 /* dominoesTests.xctest */;
			productType = "com.apple.product-type.bundle.unit-test";
		};
		74056D6F2F4808C000DD3ED4 /* dominoes */ = {
			isa = PBXNativeTarget;
			buildConfigurationList = 74056D872F4808C100DD3ED4 /* Build configuration list for PBXNativeTarget "dominoes" */;
			buildPhases = (
				74056D6C2F4808C000DD3ED4 /* Sources */,
				74056D6D2F4808C000DD3ED4 /* Frameworks */,
				74056D6E2F4808C000DD3ED4 /* Resources */,
			);
			buildRules = (
			);
			dependencies = (
			);
			fileSystemSynchronizedGroups = (
				74056D722F4808C000DD3ED4 /* dominoes */,
			);
			name = dominoes;
			productName = dominoes;
			productReference = 74056D702F4808C000DD3ED4 /* dominoes.app */;
			productType = "com.apple.product-type.application";
		};
		9548B46B0B1FBE2B5ACD8836 /* dominoes-tvOS */ = {
			isa = PBXNativeTarget;
			buildConfigurationList = A944EC49042B88C7F8516E07 /* Build configuration list for PBXNativeTarget "dominoes-tvOS" */;
			buildPhases = (
				F2C200E77CE080A130631960 /* Sources */,
				07E968898FECD9A19532C980 /* Frameworks */,
				2282B3880FFB4A246E64C3B2 /* Resources */,
			);
			buildRules = (
			);
			dependencies = (
			);
			name = "dominoes-tvOS";
			productName = "dominoes-tvOS";
			productReference = 9903B1D2247BBE50F0D9F2EA /* dominoes-tvOS.app */;
			productType = "com.apple.product-type.application";
		};
/* End PBXNativeTarget section */

/* Begin PBXProject section */
		74056D682F4808C000DD3ED4 /* Project object */ = {
			isa = PBXProject;
			attributes = {
				BuildIndependentTargetsInParallel = 1;
				LastSwiftUpdateCheck = 2630;
				LastUpgradeCheck = 2630;
				TargetAttributes = {
					74056D6F2F4808C000DD3ED4 = {
						CreatedOnToolsVersion = 26.3;
					};
					9548B46B0B1FBE2B5ACD8836 = {
						CreatedOnToolsVersion = 26.3;
					};
				};
			};
			buildConfigurationList = 74056D6B2F4808C000DD3ED4 /* Build configuration list for PBXProject "dominoes" */;
			developmentRegion = en;
			hasScannedForEncodings = 0;
			knownRegions = (
				en,
				Base,
			);
			mainGroup = 74056D672F4808C000DD3ED4;
			minimizedProjectReferenceProxies = 1;
			preferredProjectObjectVersion = 77;
			productRefGroup = 74056D712F4808C000DD3ED4 /* Products */;
			projectDirPath = "";
			projectRoot = "";
			targets = (
				74056D6F2F4808C000DD3ED4 /* dominoes */,
				24EC2221759B74FB1C948575 /* dominoesTests */,
				9548B46B0B1FBE2B5ACD8836 /* dominoes-tvOS */,
			);
		};
/* End PBXProject section */

/* Begin PBXResourcesBuildPhase section */
		2282B3880FFB4A246E64C3B2 /* Resources */ = {
			isa = PBXResourcesBuildPhase;
			buildActionMask = 2147483647;
			files = (
				C5EC7F533CAACE1A364F3C4A /* Actions.sks in Resources */,
				26471A523F024076DD34A9FD /* Assets.xcassets in Resources */,
				552E5EF2215CB1F30F980845 /* GameScene.sks in Resources */,
				A62A1B88E7810C21457765B8 /* click.wav in Resources */,
				936151FF7C60934E1CCC600E /* explode.wav in Resources */,
				B60258CE8747D26DA14FBEFB /* hit.wav in Resources */,
				0A5051D10E09EA7B94E59E72 /* roll.wav in Resources */,
			);
			runOnlyForDeploymentPostprocessing = 0;
		};
		74056D6E2F4808C000DD3ED4 /* Resources */ = {
			isa = PBXResourcesBuildPhase;
			buildActionMask = 2147483647;
			files = (
			);
			runOnlyForDeploymentPostprocessing = 0;
		};
		82E0C690520F7FFCB02ECF0F /* Resources */ = {
			isa = PBXResourcesBuildPhase;
			buildActionMask = 2147483647;
			files = (
			);
			runOnlyForDeploymentPostprocessing = 0;
		};
/* End PBXResourcesBuildPhase section */

/* Begin PBXSourcesBuildPhase section */
		74056D6C2F4808C000DD3ED4 /* Sources */ = {
			isa = PBXSourcesBuildPhase;
			buildActionMask = 2147483647;
			files = (
			);
			runOnlyForDeploymentPostprocessing = 0;
		};
		B0A29E46AAA243BC1C473CFF /* Sources */ = {
			isa = PBXSourcesBuildPhase;
			buildActionMask = 2147483647;
			files = (
				205287DDBB3B7892101BF92E /* GameFlowStateMachineTests.swift in Sources */,
			);
			runOnlyForDeploymentPostprocessing = 0;
		};
		F2C200E77CE080A130631960 /* Sources */ = {
			isa = PBXSourcesBuildPhase;
			buildActionMask = 2147483647;
			files = (
				0AAF801AC9BC4A45A2E5AA17 /* AppDelegate.swift in Sources */,
				4A7C2A571D4FE93A3A675906 /* DominoNode.swift in Sources */,
				05D5CC7C1AD3B74D5FE38027 /* ExplosionEffect.swift in Sources */,
				3228670519D36278086EF750 /* GameConstants.swift in Sources */,
				FFA6C7956107192247183C9B /* GameFlowStateMachine.swift in Sources */,
				E17FFCDCF50946351F28C752 /* GameScene.swift in Sources */,
				53D7FC686359A85AE2942E0D /* GameViewController.swift in Sources */,
				47C9CB47C278A64F31C9C47F /* LearningContent.swift in Sources */,
				1229D475DB61F245B568EDB6 /* PickerPresenter.swift in Sources */,
				CD26D32134C1B6FDAF3605A8 /* StaircaseNode.swift in Sources */,
				4CA8DF4C5F062F7BB1AB571D /* TowerNode.swift in Sources */,
			);
			runOnlyForDeploymentPostprocessing = 0;
		};
/* End PBXSourcesBuildPhase section */

/* Begin PBXTargetDependency section */
		E6BCCF485F3A0A18BDE86CF4 /* PBXTargetDependency */ = {
			isa = PBXTargetDependency;
			name = dominoes;
			target = 74056D6F2F4808C000DD3ED4 /* dominoes */;
			targetProxy = B13B32BE4DE392208BCD4FE1 /* PBXContainerItemProxy */;
		};
/* End PBXTargetDependency section */

/* Begin XCBuildConfiguration section */
		473F6D9470CFA1BB8FC9B28D /* Release */ = {
			isa = XCBuildConfiguration;
			buildSettings = {
				BUNDLE_LOADER = "$(TEST_HOST)";
				CLANG_ENABLE_OBJC_WEAK = NO;
				CODE_SIGN_STYLE = Automatic;
				CURRENT_PROJECT_VERSION = 1;
				GENERATE_INFOPLIST_FILE = YES;
				IPHONEOS_DEPLOYMENT_TARGET = 15.8;
				LD_RUNPATH_SEARCH_PATHS = (
					"$(inherited)",
					"@executable_path/Frameworks",
					"@loader_path/Frameworks",
				);
				MARKETING_VERSION = 1.0;
				PRODUCT_BUNDLE_IDENTIFIER = wipo.dominoesTests;
				PRODUCT_NAME = "$(TARGET_NAME)";
				SDKROOT = iphoneos;
				SWIFT_EMIT_LOC_STRINGS = NO;
				SWIFT_VERSION = 5.0;
				TARGETED_DEVICE_FAMILY = "1,2";
				TEST_HOST = "$(BUILT_PRODUCTS_DIR)/dominoes.app/$(BUNDLE_EXECUTABLE_FOLDER_PATH)/dominoes";
				VALIDATE_PRODUCT = YES;
			};
			name = Release;
		};
		74056D852F4808C100DD3ED4 /* Debug */ = {
			isa = XCBuildConfiguration;
			buildSettings = {
				ALWAYS_SEARCH_USER_PATHS = NO;
				ASSETCATALOG_COMPILER_GENERATE_SWIFT_ASSET_SYMBOL_EXTENSIONS = YES;
				CLANG_ANALYZER_NONNULL = YES;
				CLANG_ANALYZER_NUMBER_OBJECT_CONVERSION = YES_AGGRESSIVE;
				CLANG_CXX_LANGUAGE_STANDARD = "gnu++20";
				CLANG_ENABLE_MODULES = YES;
				CLANG_ENABLE_OBJC_ARC = YES;
				CLANG_ENABLE_OBJC_WEAK = YES;
				CLANG_WARN_BLOCK_CAPTURE_AUTORELEASING = YES;
				CLANG_WARN_BOOL_CONVERSION = YES;
				CLANG_WARN_COMMA = YES;
				CLANG_WARN_CONSTANT_CONVERSION = YES;
				CLANG_WARN_DEPRECATED_OBJC_IMPLEMENTATIONS = YES;
				CLANG_WARN_DIRECT_OBJC_ISA_USAGE = YES_ERROR;
				CLANG_WARN_DOCUMENTATION_COMMENTS = YES;
				CLANG_WARN_EMPTY_BODY = YES;
				CLANG_WARN_ENUM_CONVERSION = YES;
				CLANG_WARN_INFINITE_RECURSION = YES;
				CLANG_WARN_INT_CONVERSION = YES;
				CLANG_WARN_NON_LITERAL_NULL_CONVERSION = YES;
				CLANG_WARN_OBJC_IMPLICIT_RETAIN_SELF = YES;
				CLANG_WARN_OBJC_LITERAL_CONVERSION = YES;
				CLANG_WARN_OBJC_ROOT_CLASS = YES_ERROR;
				CLANG_WARN_QUOTED_INCLUDE_IN_FRAMEWORK_HEADER = YES;
				CLANG_WARN_RANGE_LOOP_ANALYSIS = YES;
				CLANG_WARN_STRICT_PROTOTYPES = YES;
				CLANG_WARN_SUSPICIOUS_MOVE = YES;
				CLANG_WARN_UNGUARDED_AVAILABILITY = YES_AGGRESSIVE;
				CLANG_WARN_UNREACHABLE_CODE = YES;
				CLANG_WARN__DUPLICATE_METHOD_MATCH = YES;
				COPY_PHASE_STRIP = NO;
				DEBUG_INFORMATION_FORMAT = dwarf;
				DEVELOPMENT_TEAM = 9TZ939ZKK7;
				ENABLE_STRICT_OBJC_MSGSEND = YES;
				ENABLE_TESTABILITY = YES;
				ENABLE_USER_SCRIPT_SANDBOXING = YES;
				GCC_C_LANGUAGE_STANDARD = gnu17;
				GCC_DYNAMIC_NO_PIC = NO;
				GCC_NO_COMMON_BLOCKS = YES;
				GCC_OPTIMIZATION_LEVEL = 0;
				GCC_PREPROCESSOR_DEFINITIONS = (
					"DEBUG=1",
					"$(inherited)",
				);
				GCC_WARN_64_TO_32_BIT_CONVERSION = YES;
				GCC_WARN_ABOUT_RETURN_TYPE = YES_ERROR;
				GCC_WARN_UNDECLARED_SELECTOR = YES;
				GCC_WARN_UNINITIALIZED_AUTOS = YES_AGGRESSIVE;
				GCC_WARN_UNUSED_FUNCTION = YES;
				GCC_WARN_UNUSED_VARIABLE = YES;
				IPHONEOS_DEPLOYMENT_TARGET = 15.8;
				LOCALIZATION_PREFERS_STRING_CATALOGS = YES;
				MTL_ENABLE_DEBUG_INFO = INCLUDE_SOURCE;
				MTL_FAST_MATH = YES;
				ONLY_ACTIVE_ARCH = YES;
				SDKROOT = iphoneos;
				SWIFT_ACTIVE_COMPILATION_CONDITIONS = "DEBUG $(inherited)";
				SWIFT_OPTIMIZATION_LEVEL = "-Onone";
			};
			name = Debug;
		};
		74056D862F4808C100DD3ED4 /* Release */ = {
			isa = XCBuildConfiguration;
			buildSettings = {
				ALWAYS_SEARCH_USER_PATHS = NO;
				ASSETCATALOG_COMPILER_GENERATE_SWIFT_ASSET_SYMBOL_EXTENSIONS = YES;
				CLANG_ANALYZER_NONNULL = YES;
				CLANG_ANALYZER_NUMBER_OBJECT_CONVERSION = YES_AGGRESSIVE;
				CLANG_CXX_LANGUAGE_STANDARD = "gnu++20";
				CLANG_ENABLE_MODULES = YES;
				CLANG_ENABLE_OBJC_ARC = YES;
				CLANG_ENABLE_OBJC_WEAK = YES;
				CLANG_WARN_BLOCK_CAPTURE_AUTORELEASING = YES;
				CLANG_WARN_BOOL_CONVERSION = YES;
				CLANG_WARN_COMMA = YES;
				CLANG_WARN_CONSTANT_CONVERSION = YES;
				CLANG_WARN_DEPRECATED_OBJC_IMPLEMENTATIONS = YES;
				CLANG_WARN_DIRECT_OBJC_ISA_USAGE = YES_ERROR;
				CLANG_WARN_DOCUMENTATION_COMMENTS = YES;
				CLANG_WARN_EMPTY_BODY = YES;
				CLANG_WARN_ENUM_CONVERSION = YES;
				CLANG_WARN_INFINITE_RECURSION = YES;
				CLANG_WARN_INT_CONVERSION = YES;
				CLANG_WARN_NON_LITERAL_NULL_CONVERSION = YES;
				CLANG_WARN_OBJC_IMPLICIT_RETAIN_SELF = YES;
				CLANG_WARN_OBJC_LITERAL_CONVERSION = YES;
				CLANG_WARN_OBJC_ROOT_CLASS = YES_ERROR;
				CLANG_WARN_QUOTED_INCLUDE_IN_FRAMEWORK_HEADER = YES;
				CLANG_WARN_RANGE_LOOP_ANALYSIS = YES;
				CLANG_WARN_STRICT_PROTOTYPES = YES;
				CLANG_WARN_SUSPICIOUS_MOVE = YES;
				CLANG_WARN_UNGUARDED_AVAILABILITY = YES_AGGRESSIVE;
				CLANG_WARN_UNREACHABLE_CODE = YES;
				CLANG_WARN__DUPLICATE_METHOD_MATCH = YES;
				COPY_PHASE_STRIP = NO;
				DEBUG_INFORMATION_FORMAT = "dwarf-with-dsym";
				DEVELOPMENT_TEAM = 9TZ939ZKK7;
				ENABLE_NS_ASSERTIONS = NO;
				ENABLE_STRICT_OBJC_MSGSEND = YES;
				ENABLE_USER_SCRIPT_SANDBOXING = YES;
				GCC_C_LANGUAGE_STANDARD = gnu17;
				GCC_NO_COMMON_BLOCKS = YES;
				GCC_WARN_64_TO_32_BIT_CONVERSION = YES;
				GCC_WARN_ABOUT_RETURN_TYPE = YES_ERROR;
				GCC_WARN_UNDECLARED_SELECTOR = YES;
				GCC_WARN_UNINITIALIZED_AUTOS = YES_AGGRESSIVE;
				GCC_WARN_UNUSED_FUNCTION = YES;
				GCC_WARN_UNUSED_VARIABLE = YES;
				IPHONEOS_DEPLOYMENT_TARGET = 15.8;
				LOCALIZATION_PREFERS_STRING_CATALOGS = YES;
				MTL_ENABLE_DEBUG_INFO = NO;
				MTL_FAST_MATH = YES;
				SDKROOT = iphoneos;
				SWIFT_COMPILATION_MODE = wholemodule;
				VALIDATE_PRODUCT = YES;
			};
			name = Release;
		};
		74056D882F4808C100DD3ED4 /* Debug */ = {
			isa = XCBuildConfiguration;
			buildSettings = {
				ASSETCATALOG_COMPILER_APPICON_NAME = AppIcon;
				ASSETCATALOG_COMPILER_GLOBAL_ACCENT_COLOR_NAME = AccentColor;
				CODE_SIGN_STYLE = Automatic;
				CURRENT_PROJECT_VERSION = 1;
				DEVELOPMENT_TEAM = 9TZ939ZKK7;
				GENERATE_INFOPLIST_FILE = YES;
				INFOPLIST_KEY_UIApplicationSupportsIndirectInputEvents = YES;
				INFOPLIST_KEY_UILaunchStoryboardName = LaunchScreen;
				INFOPLIST_KEY_UIMainStoryboardFile = Main;
				INFOPLIST_KEY_UIStatusBarHidden = YES;
				INFOPLIST_KEY_UISupportedInterfaceOrientations_iPad = "UIInterfaceOrientationLandscapeLeft UIInterfaceOrientationLandscapeRight";
				INFOPLIST_KEY_UISupportedInterfaceOrientations_iPhone = "UIInterfaceOrientationLandscapeLeft UIInterfaceOrientationLandscapeRight";
				LD_RUNPATH_SEARCH_PATHS = (
					"$(inherited)",
					"@executable_path/Frameworks",
				);
				MARKETING_VERSION = 1.0;
				PRODUCT_BUNDLE_IDENTIFIER = wipo.dominoes;
				PRODUCT_NAME = "$(TARGET_NAME)";
				STRING_CATALOG_GENERATE_SYMBOLS = YES;
				SWIFT_APPROACHABLE_CONCURRENCY = YES;
				SWIFT_DEFAULT_ACTOR_ISOLATION = MainActor;
				SWIFT_EMIT_LOC_STRINGS = YES;
				SWIFT_UPCOMING_FEATURE_MEMBER_IMPORT_VISIBILITY = YES;
				SWIFT_VERSION = 5.0;
				TARGETED_DEVICE_FAMILY = "1,2";
			};
			name = Debug;
		};
		74056D892F4808C100DD3ED4 /* Release */ = {
			isa = XCBuildConfiguration;
			buildSettings = {
				ASSETCATALOG_COMPILER_APPICON_NAME = AppIcon;
				ASSETCATALOG_COMPILER_GLOBAL_ACCENT_COLOR_NAME = AccentColor;
				CODE_SIGN_STYLE = Automatic;
				CURRENT_PROJECT_VERSION = 1;
				DEVELOPMENT_TEAM = 9TZ939ZKK7;
				GENERATE_INFOPLIST_FILE = YES;
				INFOPLIST_KEY_UIApplicationSupportsIndirectInputEvents = YES;
				INFOPLIST_KEY_UILaunchStoryboardName = LaunchScreen;
				INFOPLIST_KEY_UIMainStoryboardFile = Main;
				INFOPLIST_KEY_UIStatusBarHidden = YES;
				INFOPLIST_KEY_UISupportedInterfaceOrientations_iPad = "UIInterfaceOrientationLandscapeLeft UIInterfaceOrientationLandscapeRight";
				INFOPLIST_KEY_UISupportedInterfaceOrientations_iPhone = "UIInterfaceOrientationLandscapeLeft UIInterfaceOrientationLandscapeRight";
				LD_RUNPATH_SEARCH_PATHS = (
					"$(inherited)",
					"@executable_path/Frameworks",
				);
				MARKETING_VERSION = 1.0;
				PRODUCT_BUNDLE_IDENTIFIER = wipo.dominoes;
				PRODUCT_NAME = "$(TARGET_NAME)";
				STRING_CATALOG_GENERATE_SYMBOLS = YES;
				SWIFT_APPROACHABLE_CONCURRENCY = YES;
				SWIFT_DEFAULT_ACTOR_ISOLATION = MainActor;
				SWIFT_EMIT_LOC_STRINGS = YES;
				SWIFT_UPCOMING_FEATURE_MEMBER_IMPORT_VISIBILITY = YES;
				SWIFT_VERSION = 5.0;
				TARGETED_DEVICE_FAMILY = "1,2";
			};
			name = Release;
		};
		CBBB841180ED331845B8830E /* Debug */ = {
			isa = XCBuildConfiguration;
			buildSettings = {
				ASSETCATALOG_COMPILER_APPICON_NAME = "";
				ASSETCATALOG_COMPILER_GENERATE_SWIFT_ASSET_SYMBOL_EXTENSIONS = YES;
				ASSETCATALOG_COMPILER_GLOBAL_ACCENT_COLOR_NAME = AccentColor;
				CODE_SIGN_STYLE = Automatic;
				CURRENT_PROJECT_VERSION = 1;
				DEVELOPMENT_TEAM = 9TZ939ZKK7;
				GENERATE_INFOPLIST_FILE = YES;
				INFOPLIST_KEY_UIApplicationSupportsIndirectInputEvents = YES;
				LD_RUNPATH_SEARCH_PATHS = (
					"$(inherited)",
					"@executable_path/Frameworks",
				);
				MARKETING_VERSION = 1.0;
				PRODUCT_BUNDLE_IDENTIFIER = wipo.dominoes.tvos;
				PRODUCT_NAME = "$(TARGET_NAME)";
				SDKROOT = appletvos;
				STRING_CATALOG_GENERATE_SYMBOLS = YES;
				SWIFT_ACTIVE_COMPILATION_CONDITIONS = "DEBUG $(inherited)";
				SWIFT_APPROACHABLE_CONCURRENCY = YES;
				SWIFT_DEFAULT_ACTOR_ISOLATION = MainActor;
				SWIFT_EMIT_LOC_STRINGS = YES;
				SWIFT_UPCOMING_FEATURE_MEMBER_IMPORT_VISIBILITY = YES;
				SWIFT_VERSION = 5.0;
				TARGETED_DEVICE_FAMILY = 3;
				TVOS_DEPLOYMENT_TARGET = 17.0;
			};
			name = Debug;
		};
		DC87AD7B34260556FF4868ED /* Release */ = {
			isa = XCBuildConfiguration;
			buildSettings = {
				ASSETCATALOG_COMPILER_APPICON_NAME = "";
				ASSETCATALOG_COMPILER_GENERATE_SWIFT_ASSET_SYMBOL_EXTENSIONS = YES;
				ASSETCATALOG_COMPILER_GLOBAL_ACCENT_COLOR_NAME = AccentColor;
				CODE_SIGN_STYLE = Automatic;
				CURRENT_PROJECT_VERSION = 1;
				DEVELOPMENT_TEAM = 9TZ939ZKK7;
				GENERATE_INFOPLIST_FILE = YES;
				INFOPLIST_KEY_UIApplicationSupportsIndirectInputEvents = YES;
				LD_RUNPATH_SEARCH_PATHS = (
					"$(inherited)",
					"@executable_path/Frameworks",
				);
				MARKETING_VERSION = 1.0;
				PRODUCT_BUNDLE_IDENTIFIER = wipo.dominoes.tvos;
				PRODUCT_NAME = "$(TARGET_NAME)";
				SDKROOT = appletvos;
				STRING_CATALOG_GENERATE_SYMBOLS = YES;
				SWIFT_APPROACHABLE_CONCURRENCY = YES;
				SWIFT_DEFAULT_ACTOR_ISOLATION = MainActor;
				SWIFT_EMIT_LOC_STRINGS = YES;
				SWIFT_UPCOMING_FEATURE_MEMBER_IMPORT_VISIBILITY = YES;
				SWIFT_VERSION = 5.0;
				TARGETED_DEVICE_FAMILY = 3;
				TVOS_DEPLOYMENT_TARGET = 17.0;
				VALIDATE_PRODUCT = YES;
			};
			name = Release;
		};
		EB479813CD62858E81E1DFCD /* Debug */ = {
			isa = XCBuildConfiguration;
			buildSettings = {
				BUNDLE_LOADER = "$(TEST_HOST)";
				CLANG_ENABLE_OBJC_WEAK = NO;
				CODE_SIGN_STYLE = Automatic;
				CURRENT_PROJECT_VERSION = 1;
				ENABLE_TESTABILITY = YES;
				GENERATE_INFOPLIST_FILE = YES;
				IPHONEOS_DEPLOYMENT_TARGET = 15.8;
				LD_RUNPATH_SEARCH_PATHS = (
					"$(inherited)",
					"@executable_path/Frameworks",
					"@loader_path/Frameworks",
				);
				MARKETING_VERSION = 1.0;
				PRODUCT_BUNDLE_IDENTIFIER = wipo.dominoesTests;
				PRODUCT_NAME = "$(TARGET_NAME)";
				SDKROOT = iphoneos;
				SWIFT_ACTIVE_COMPILATION_CONDITIONS = "DEBUG $(inherited)";
				SWIFT_EMIT_LOC_STRINGS = NO;
				SWIFT_VERSION = 5.0;
				TARGETED_DEVICE_FAMILY = "1,2";
				TEST_HOST = "$(BUILT_PRODUCTS_DIR)/dominoes.app/$(BUNDLE_EXECUTABLE_FOLDER_PATH)/dominoes";
			};
			name = Debug;
		};
/* End XCBuildConfiguration section */

/* Begin XCConfigurationList section */
		74056D6B2F4808C000DD3ED4 /* Build configuration list for PBXProject "dominoes" */ = {
			isa = XCConfigurationList;
			buildConfigurations = (
				74056D852F4808C100DD3ED4 /* Debug */,
				74056D862F4808C100DD3ED4 /* Release */,
			);
			defaultConfigurationIsVisible = 0;
			defaultConfigurationName = Release;
		};
		74056D872F4808C100DD3ED4 /* Build configuration list for PBXNativeTarget "dominoes" */ = {
			isa = XCConfigurationList;
			buildConfigurations = (
				74056D882F4808C100DD3ED4 /* Debug */,
				74056D892F4808C100DD3ED4 /* Release */,
			);
			defaultConfigurationIsVisible = 0;
			defaultConfigurationName = Release;
		};
		A944EC49042B88C7F8516E07 /* Build configuration list for PBXNativeTarget "dominoes-tvOS" */ = {
			isa = XCConfigurationList;
			buildConfigurations = (
				DC87AD7B34260556FF4868ED /* Release */,
				CBBB841180ED331845B8830E /* Debug */,
			);
			defaultConfigurationIsVisible = 0;
			defaultConfigurationName = Release;
		};
		DB205C036313E7CA51B0B38D /* Build configuration list for PBXNativeTarget "dominoesTests" */ = {
			isa = XCConfigurationList;
			buildConfigurations = (
				473F6D9470CFA1BB8FC9B28D /* Release */,
				EB479813CD62858E81E1DFCD /* Debug */,
			);
			defaultConfigurationIsVisible = 0;
			defaultConfigurationName = Release;
		};
/* End XCConfigurationList section */
	};
	rootObject = 74056D682F4808C000DD3ED4 /* Project object */;
}
